
Microsoft Visual Studio Solution File, Format Version 12.00
# Visual Studio 2013
VisualStudioVersion = 12.0.40629.0
MinimumVisualStudioVersion = 10.0.40219.1
Project("{2150E333-8FDC-42A3-9474-1A3956D46DE8}") = "Solution Items", "Solution Items", "{3049502E-2389-4C0B-88EB-485A0C4C79C1}"
	ProjectSection(SolutionItems) = preProject
		CHANGELOG.md = CHANGELOG.md
		README.md = README.md
	EndProjectSection
EndProject
Project("{FAE04EC0-301F-11D3-BF4B-00C04F79EFBC}") = "PoorMansTSqlFormatterLib", "src\PoorMansTSqlFormatterLib\PoorMansTSqlFormatterLib.csproj", "{ADBDFDCA-CAB6-4569-9151-0BD42E65B400}"
EndProject
Project("{FAE04EC0-301F-11D3-BF4B-00C04F79EFBC}") = "PoorMansTSqlFormatterDemo", "src\PoorMansTSqlFormatterDemo\PoorMansTSqlFormatterDemo.csproj", "{9C7499A9-0A53-499B-8320-5CF4ECB72683}"
EndProject
Project("{FAE04EC0-301F-11D3-BF4B-00C04F79EFBC}") = "PoorMansTSqlFormatterSSMSAddIn", "src\PoorMansTSqlFormatterSSMSAddIn\PoorMansTSqlFormatterSSMSAddIn.csproj", "{BBE30E5A-E867-47BA-92E7-E718AB78CAE1}"
EndProject
Project("{FAE04EC0-301F-11D3-BF4B-00C04F79EFBC}") = "PoorMansTSqlFormatterCmdLine", "src\PoorMansTSqlFormatterCmdLine\PoorMansTSqlFormatterCmdLine.csproj", "{5FA98EDC-12DA-4580-9845-788590C59922}"
EndProject
Project("{FAE04EC0-301F-11D3-BF4B-00C04F79EFBC}") = "PoorMansTSqlFormatterPluginShared", "src\PoorMansTSqlFormatterPluginShared\PoorMansTSqlFormatterPluginShared.csproj", "{4C350944-937B-4416-8442-3197FC7098F2}"
EndProject
Project("{FAE04EC0-301F-11D3-BF4B-00C04F79EFBC}") = "PoorMansTSqlFormatterTests", "test\PoorMansTSqlFormatterTest\PoorMansTSqlFormatterTests.csproj", "{FBBF4CE8-C24D-4A43-9D8C-B54B2E7E3FB7}"
EndProject
Project("{2150E333-8FDC-42A3-9474-1A3956D46DE8}") = "addin", "addin", "{C954C7CD-41A2-4386-B78B-964D02B106B4}"
EndProject
Project("{2150E333-8FDC-42A3-9474-1A3956D46DE8}") = "test", "test", "{6A3C70C4-3C27-4865-840B-994C162497FD}"
EndProject
Global
	GlobalSection(SolutionConfigurationPlatforms) = preSolution
		Debug|Any CPU = Debug|Any CPU
		Release|Any CPU = Release|Any CPU
	EndGlobalSection
	GlobalSection(ProjectConfigurationPlatforms) = postSolution
		{ADBDFDCA-CAB6-4569-9151-0BD42E65B400}.Debug|Any CPU.ActiveCfg = Debug|Any CPU
		{ADBDFDCA-CAB6-4569-9151-0BD42E65B400}.Debug|Any CPU.Build.0 = Debug|Any CPU
		{ADBDFDCA-CAB6-4569-9151-0BD42E65B400}.Release|Any CPU.ActiveCfg = Release|Any CPU
		{ADBDFDCA-CAB6-4569-9151-0BD42E65B400}.Release|Any CPU.Build.0 = Release|Any CPU
		{9C7499A9-0A53-499B-8320-5CF4ECB72683}.Debug|Any CPU.ActiveCfg = Debug|Any CPU
		{9C7499A9-0A53-499B-8320-5CF4ECB72683}.Debug|Any CPU.Build.0 = Debug|Any CPU
		{9C7499A9-0A53-499B-8320-5CF4ECB72683}.Release|Any CPU.ActiveCfg = Release|Any CPU
		{9C7499A9-0A53-499B-8320-5CF4ECB72683}.Release|Any CPU.Build.0 = Release|Any CPU
		{BBE30E5A-E867-47BA-92E7-E718AB78CAE1}.Debug|Any CPU.ActiveCfg = Debug|Any CPU
		{BBE30E5A-E867-47BA-92E7-E718AB78CAE1}.Debug|Any CPU.Build.0 = Debug|Any CPU
		{BBE30E5A-E867-47BA-92E7-E718AB78CAE1}.Release|Any CPU.ActiveCfg = Release|Any CPU
		{BBE30E5A-E867-47BA-92E7-E718AB78CAE1}.Release|Any CPU.Build.0 = Release|Any CPU
		{5FA98EDC-12DA-4580-9845-788590C59922}.Debug|Any CPU.ActiveCfg = Debug|Any CPU
		{5FA98EDC-12DA-4580-9845-788590C59922}.Debug|Any CPU.Build.0 = Debug|Any CPU
		{5FA98EDC-12DA-4580-9845-788590C59922}.Release|Any CPU.ActiveCfg = Release|Any CPU
		{5FA98EDC-12DA-4580-9845-788590C59922}.Release|Any CPU.Build.0 = Release|Any CPU
		{4C350944-937B-4416-8442-3197FC7098F2}.Debug|Any CPU.ActiveCfg = Debug|Any CPU
		{4C350944-937B-4416-8442-3197FC7098F2}.Debug|Any CPU.Build.0 = Debug|Any CPU
		{4C350944-937B-4416-8442-3197FC7098F2}.Release|Any CPU.ActiveCfg = Release|Any CPU
		{4C350944-937B-4416-8442-3197FC7098F2}.Release|Any CPU.Build.0 = Release|Any CPU
		{FBBF4CE8-C24D-4A43-9D8C-B54B2E7E3FB7}.Debug|Any CPU.ActiveCfg = Debug|Any CPU
		{FBBF4CE8-C24D-4A43-9D8C-B54B2E7E3FB7}.Debug|Any CPU.Build.0 = Debug|Any CPU
		{FBBF4CE8-C24D-4A43-9D8C-B54B2E7E3FB7}.Release|Any CPU.ActiveCfg = Release|Any CPU
		{FBBF4CE8-C24D-4A43-9D8C-B54B2E7E3FB7}.Release|Any CPU.Build.0 = Release|Any CPU
	EndGlobalSection
	GlobalSection(SolutionProperties) = preSolution
		HideSolutionNode = FALSE
	EndGlobalSection
	GlobalSection(NestedProjects) = preSolution
		{9C7499A9-0A53-499B-8320-5CF4ECB72683} = {3049502E-2389-4C0B-88EB-485A0C4C79C1}
		{BBE30E5A-E867-47BA-92E7-E718AB78CAE1} = {C954C7CD-41A2-4386-B78B-964D02B106B4}
		{FBBF4CE8-C24D-4A43-9D8C-B54B2E7E3FB7} = {6A3C70C4-3C27-4865-840B-994C162497FD}
	EndGlobalSection
EndGlobal
